// !$*UTF8*$!
{
	archiveVersion = 1;
	classes = {
	};
	objectVersion = 77;
	objects = {

/* Begin PBXBuildFile section */
		8427553D2F97B99800781A39 /* FirebaseAuth in Frameworks */ = {isa = PBXBuildFile; productRef = 8427553C2F97B99800781A39 /* FirebaseAuth */; };
		8427553F2F97B99800781A39 /* FirebaseAuthCombine-Community in Frameworks */ = {isa = PBXBuildFile; productRef = 8427553E2F97B99800781A39 /* FirebaseAuthCombine-Community */; };
		842755412F97B99800781A39 /* FirebaseCore in Frameworks */ = {isa = PBXBuildFile; productRef = 842755402F97B99800781A39 /* FirebaseCore */; };
		842755432F97B99800781A39 /* FirebaseDatabase in Frameworks */ = {isa = PBXBuildFile; productRef = 842755422F97B99800781A39 /* FirebaseDatabase */; };
		842755452F97B99800781A39 /* FirebaseFirestore in Frameworks */ = {isa = PBXBuildFile; productRef = 842755442F97B99800781A39 /* FirebaseFirestore */; };
		842755472F97B99800781A39 /* FirebaseFirestoreCombine-Community in Frameworks */ = {isa = PBXBuildFile; productRef = 842755462F97B99800781A39 /* FirebaseFirestoreCombine-Community */; };
		842755492F97B99800781A39 /* FirebaseFunctions in Frameworks */ = {isa = PBXBuildFile; productRef = 842755482F97B99800781A39 /* FirebaseFunctions */; };
		8427554B2F97B99800781A39 /* FirebaseStorage in Frameworks */ = {isa = PBXBuildFile; productRef = 8427554A2F97B99800781A39 /* FirebaseStorage */; };
		8427554D2F97B99800781A39 /* FirebaseStorageCombine-Community in Frameworks */ = {isa = PBXBuildFile; productRef = 8427554C2F97B99800781A39 /* FirebaseStorageCombine-Community */; };
		842755532F97BBDD00781A39 /* GoogleService-Info.plist in Resources */ = {isa = PBXBuildFile; fileRef = 842755522F97BBDD00781A39 /* GoogleService-Info.plist */; };
		842755622F990B8D00781A39 /* Localizable.xcstrings in Resources */ = {isa = PBXBuildFile; fileRef = 842755612F990B8D00781A39 /* Localizable.xcstrings */; };
/* End PBXBuildFile section */

/* Begin PBXContainerItemProxy section */
		84C1822A2F8E423600DC72E9 /* PBXContainerItemProxy */ = {
			isa = PBXContainerItemProxy;
			containerPortal = 84C182112F8E423500DC72E9 /* Project object */;
			proxyType = 1;
			remoteGlobalIDString = 84C182182F8E423500DC72E9;
			remoteInfo = LuxPremium;
		};
		84C182342F8E423600DC72E9 /* PBXContainerItemProxy */ = {
			isa = PBXContainerItemProxy;
			containerPortal = 84C182112F8E423500DC72E9 /* Project object */;
			proxyType = 1;
			remoteGlobalIDString = 84C182182F8E423500DC72E9;
			remoteInfo = LuxPremium;
		};
/* End PBXContainerItemProxy section */

/* Begin PBXFileReference section */
		842755522F97BBDD00781A39 /* GoogleService-Info.plist */ = {isa = PBXFileReference; lastKnownFileType = text.plist.xml; path = "GoogleService-Info.plist"; sourceTree = "<group>"; };
		842755612F990B8D00781A39 /* Localizable.xcstrings */ = {isa = PBXFileReference; lastKnownFileType = text.json.xcstrings; path = Localizable.xcstrings; sourceTree = "<group>"; };
		84C182192F8E423500DC72E9 /* LuxPremium.app */ = {isa = PBXFileReference; explicitFileType = wrapper.application; includeInIndex = 0; path = LuxPremium.app; sourceTree = BUILT_PRODUCTS_DIR; };
		84C182292F8E423600DC72E9 /* LuxPremiumTests.xctest */ = {isa = PBXFileReference; explicitFileType = wrapper.cfbundle; includeInIndex = 0; path = LuxPremiumTests.xctest; sourceTree = BUILT_PRODUCTS_DIR; };
		84C182332F8E423600DC72E9 /* LuxPremiumUITests.xctest */ = {isa = PBXFileReference; explicitFileType = wrapper.cfbundle; includeInIndex = 0; path = LuxPremiumUITests.xctest; sourceTree = BUILT_PRODUCTS_DIR; };
/* End PBXFileReference section */

/* Begin PBXFileSystemSynchronizedRootGroup section */
		84C1821B2F8E423500DC72E9 /* LuxPremium */ = {
			isa = PBXFileSystemSynchronizedRootGroup;
			path = LuxPremium;
			sourceTree = "<group>";
		};
		84C1822C2F8E423600DC72E9 /* LuxPremiumTests */ = {
			isa = PBXFileSystemSynchronizedRootGroup;
			path = LuxPremiumTests;
			sourceTree = "<group>";
		};
		84C182362F8E423600DC72E9 /* LuxPremiumUITests */ = {
			isa = PBXFileSystemSynchronizedRootGroup;
			path = LuxPremiumUITests;
			sourceTree = "<group>";
		};
/* End PBXFileSystemSynchronizedRootGroup section */

/* Begin PBXFrameworksBuildPhase section */
		84C182162F8E423500DC72E9 /* Frameworks */ = {
			isa = PBXFrameworksBuildPhase;
			buildActionMask = 2147483647;
			files = (
				8427553D2F97B99800781A39 /* FirebaseAuth in Frameworks */,
				842755492F97B99800781A39 /* FirebaseFunctions in Frameworks */,
				842755412F97B99800781A39 /* FirebaseCore in Frameworks */,
				842755432F97B99800781A39 /* FirebaseDatabase in Frameworks */,
				842755472F97B99800781A39 /* FirebaseFirestoreCombine-Community in Frameworks */,
				8427554B2F97B99800781A39 /* FirebaseStorage in Frameworks */,
				842755452F97B99800781A39 /* FirebaseFirestore in Frameworks */,
				8427554D2F97B99800781A39 /* FirebaseStorageCombine-Community in Frameworks */,
				8427553F2F97B99800781A39 /* FirebaseAuthCombine-Community in Frameworks */,
			);
			runOnlyForDeploymentPostprocessing = 0;
		};
		84C182262F8E423600DC72E9 /* Frameworks */ = {
			isa = PBXFrameworksBuildPhase;
			buildActionMask = 2147483647;
			files = (
			);
			runOnlyForDeploymentPostprocessing = 0;
		};
		84C182302F8E423600DC72E9 /* Frameworks */ = {
			isa = PBXFrameworksBuildPhase;
			buildActionMask = 2147483647;
			files = (
			);
			runOnlyForDeploymentPostprocessing = 0;
		};
/* End PBXFrameworksBuildPhase section */

/* Begin PBXGroup section */
		84C182102F8E423500DC72E9 = {
			isa = PBXGroup;
			children = (
				842755612F990B8D00781A39 /* Localizable.xcstrings */,
				84C1821B2F8E423500DC72E9 /* LuxPremium */,
				84C1822C2F8E423600DC72E9 /* LuxPremiumTests */,
				84C182362F8E423600DC72E9 /* LuxPremiumUITests */,
				84C1821A2F8E423500DC72E9 /* Products */,
				842755522F97BBDD00781A39 /* GoogleService-Info.plist */,
			);
			sourceTree = "<group>";
		};
		84C1821A2F8E423500DC72E9 /* Products */ = {
			isa = PBXGroup;
			children = (
				84C182192F8E423500DC72E9 /* LuxPremium.app */,
				84C182292F8E423600DC72E9 /* LuxPremiumTests.xctest */,
				84C182332F8E423600DC72E9 /* LuxPremiumUITests.xctest */,
			);
			name = Products;
			sourceTree = "<group>";
		};
/* End PBXGroup section */

/* Begin PBXNativeTarget section */
		84C182182F8E423500DC72E9 /* LuxPremium */ = {
			isa = PBXNativeTarget;
			buildConfigurationList = 84C1823D2F8E423600DC72E9 /* Build configuration list for PBXNativeTarget "LuxPremium" */;
			buildPhases = (
				84C182152F8E423500DC72E9 /* Sources */,
				84C182162F8E423500DC72E9 /* Frameworks */,
				84C182172F8E423500DC72E9 /* Resources */,
			);
			buildRules = (
			);
			dependencies = (
			);
			fileSystemSynchronizedGroups = (
				84C1821B2F8E423500DC72E9 /* LuxPremium */,
			);
			name = LuxPremium;
			packageProductDependencies = (
				8427553C2F97B99800781A39 /* FirebaseAuth */,
				8427553E2F97B99800781A39 /* FirebaseAuthCombine-Community */,
				842755402F97B99800781A39 /* FirebaseCore */,
				842755422F97B99800781A39 /* FirebaseDatabase */,
				842755442F97B99800781A39 /* FirebaseFirestore */,
				842755462F97B99800781A39 /* FirebaseFirestoreCombine-Community */,
				842755482F97B99800781A39 /* FirebaseFunctions */,
				8427554A2F97B99800781A39 /* FirebaseStorage */,
				8427554C2F97B99800781A39 /* FirebaseStorageCombine-Community */,
			);
			productName = LuxPremium;
			productReference = 84C182192F8E423500DC72E9 /* LuxPremium.app */;
			productType = "com.apple.product-type.application";
		};
		84C182282F8E423600DC72E9 /* LuxPremiumTests */ = {
			isa = PBXNativeTarget;
			buildConfigurationList = 84C182402F8E423600DC72E9 /* Build configuration list for PBXNativeTarget "LuxPremiumTests" */;
			buildPhases = (
				84C182252F8E423600DC72E9 /* Sources */,
				84C182262F8E423600DC72E9 /* Frameworks */,
				84C182272F8E423600DC72E9 /* Resources */,
			);
			buildRules = (
			);
			dependencies = (
				84C1822B2F8E423600DC72E9 /* PBXTargetDependency */,
			);
			fileSystemSynchronizedGroups = (
				84C1822C2F8E423600DC72E9 /* LuxPremiumTests */,
			);
			name = LuxPremiumTests;
			packageProductDependencies = (
			);
			productName = LuxPremiumTests;
			productReference = 84C182292F8E423600DC72E9 /* LuxPremiumTests.xctest */;
			productType = "com.apple.product-type.bundle.unit-test";
		};
		84C182322F8E423600DC72E9 /* LuxPremiumUITests */ = {
			isa = PBXNativeTarget;
			buildConfigurationList = 84C182432F8E423600DC72E9 /* Build configuration list for PBXNativeTarget "LuxPremiumUITests" */;
			buildPhases = (
				84C1822F2F8E423600DC72E9 /* Sources */,
				84C182302F8E423600DC72E9 /* Frameworks */,
				84C182312F8E423600DC72E9 /* Resources */,
			);
			buildRules = (
			);
			dependencies = (
				84C182352F8E423600DC72E9 /* PBXTargetDependency */,
			);
			fileSystemSynchronizedGroups = (
				84C182362F8E423600DC72E9 /* LuxPremiumUITests */,
			);
			name = LuxPremiumUITests;
			packageProductDependencies = (
			);
			productName = LuxPremiumUITests;
			productReference = 84C182332F8E423600DC72E9 /* LuxPremiumUITests.xctest */;
			productType = "com.apple.product-type.bundle.ui-testing";
		};
/* End PBXNativeTarget section */

/* Begin PBXProject section */
		84C182112F8E423500DC72E9 /* Project object */ = {
			isa = PBXProject;
			attributes = {
				BuildIndependentTargetsInParallel = 1;
				LastSwiftUpdateCheck = 1620;
				LastUpgradeCheck = 1620;
				TargetAttributes = {
					84C182182F8E423500DC72E9 = {
						CreatedOnToolsVersion = 16.2;
					};
					84C182282F8E423600DC72E9 = {
						CreatedOnToolsVersion = 16.2;
						TestTargetID = 84C182182F8E423500DC72E9;
					};
					84C182322F8E423600DC72E9 = {
						CreatedOnToolsVersion = 16.2;
						TestTargetID = 84C182182F8E423500DC72E9;
					};
				};
			};
			buildConfigurationList = 84C182142F8E423500DC72E9 /* Build configuration list for PBXProject "LuxPremium" */;
			developmentRegion = en;
			hasScannedForEncodings = 0;
			knownRegions = (
				en,
				Base,
				"pt-PT",
				es,
			);
			mainGroup = 84C182102F8E423500DC72E9;
			minimizedProjectReferenceProxies = 1;
			packageReferences = (
				8427553B2F97B99800781A39 /* XCRemoteSwiftPackageReference "firebase-ios-sdk" */,
			);
			preferredProjectObjectVersion = 77;
			productRefGroup = 84C1821A2F8E423500DC72E9 /* Products */;
			projectDirPath = "";
			projectRoot = "";
			targets = (
				84C182182F8E423500DC72E9 /* LuxPremium */,
				84C182282F8E423600DC72E9 /* LuxPremiumTests */,
				84C182322F8E423600DC72E9 /* LuxPremiumUITests */,
			);
		};
/* End PBXProject section */

/* Begin PBXResourcesBuildPhase section */
		84C182172F8E423500DC72E9 /* Resources */ = {
			isa = PBXResourcesBuildPhase;
			buildActionMask = 2147483647;
			files = (
				842755622F990B8D00781A39 /* Localizable.xcstrings in Resources */,
				842755532F97BBDD00781A39 /* GoogleService-Info.plist in Resources */,
			);
			runOnlyForDeploymentPostprocessing = 0;
		};
		84C182272F8E423600DC72E9 /* Resources */ = {
			isa = PBXResourcesBuildPhase;
			buildActionMask = 2147483647;
			files = (
			);
			runOnlyForDeploymentPostprocessing = 0;
		};
		84C182312F8E423600DC72E9 /* Resources */ = {
			isa = PBXResourcesBuildPhase;
			buildActionMask = 2147483647;
			files = (
			);
			runOnlyForDeploymentPostprocessing = 0;
		};
/* End PBXResourcesBuildPhase section */

/* Begin PBXSourcesBuildPhase section */
		84C182152F8E423500DC72E9 /* Sources */ = {
			isa = PBXSourcesBuildPhase;
			buildActionMask = 2147483647;
			files = (
			);
			runOnlyForDeploymentPostprocessing = 0;
		};
		84C182252F8E423600DC72E9 /* Sources */ = {
			isa = PBXSourcesBuildPhase;
			buildActionMask = 2147483647;
			files = (
			);
			runOnlyForDeploymentPostprocessing = 0;
		};
		84C1822F2F8E423600DC72E9 /* Sources */ = {
			isa = PBXSourcesBuildPhase;
			buildActionMask = 2147483647;
			files = (
			);
			runOnlyForDeploymentPostprocessing = 0;
		};
/* End PBXSourcesBuildPhase section */

/* Begin PBXTargetDependency section */
		84C1822B2F8E423600DC72E9 /* PBXTargetDependency */ = {
			isa = PBXTargetDependency;
			target = 84C182182F8E423500DC72E9 /* LuxPremium */;
			targetProxy = 84C1822A2F8E423600DC72E9 /* PBXContainerItemProxy */;
		};
		84C182352F8E423600DC72E9 /* PBXTargetDependency */ = {
			isa = PBXTargetDependency;
			target = 84C182182F8E423500DC72E9 /* LuxPremium */;
			targetProxy = 84C182342F8E423600DC72E9 /* PBXContainerItemProxy */;
		};
/* End PBXTargetDependency section */

/* Begin XCBuildConfiguration section */
		84C1823B2F8E423600DC72E9 /* Debug */ = {
			isa = XCBuildConfiguration;
			buildSettings = {
				ALWAYS_SEARCH_USER_PATHS = NO;
				ASSETCATALOG_COMPILER_GENERATE_SWIFT_ASSET_SYMBOL_EXTENSIONS = YES;
				CLANG_ANALYZER_NONNULL = YES;
				CLANG_ANALYZER_NUMBER_OBJECT_CONVERSION = YES_AGGRESSIVE;
				CLANG_CXX_LANGUAGE_STANDARD = "gnu++20";
				CLANG_ENABLE_MODULES = YES;
				CLANG_ENABLE_OBJC_ARC = YES;
				CLANG_ENABLE_OBJC_WEAK = YES;
				CLANG_WARN_BLOCK_CAPTURE_AUTORELEASING = YES;
				CLANG_WARN_BOOL_CONVERSION = YES;
				CLANG_WARN_COMMA = YES;
				CLANG_WARN_CONSTANT_CONVERSION = YES;
				CLANG_WARN_DEPRECATED_OBJC_IMPLEMENTATIONS = YES;
				CLANG_WARN_DIRECT_OBJC_ISA_USAGE = YES_ERROR;
				CLANG_WARN_DOCUMENTATION_COMMENTS = YES;
				CLANG_WARN_EMPTY_BODY = YES;
				CLANG_WARN_ENUM_CONVERSION = YES;
				CLANG_WARN_INFINITE_RECURSION = YES;
				CLANG_WARN_INT_CONVERSION = YES;
				CLANG_WARN_NON_LITERAL_NULL_CONVERSION = YES;
				CLANG_WARN_OBJC_IMPLICIT_RETAIN_SELF = YES;
				CLANG_WARN_OBJC_LITERAL_CONVERSION = YES;
				CLANG_WARN_OBJC_ROOT_CLASS = YES_ERROR;
				CLANG_WARN_QUOTED_INCLUDE_IN_FRAMEWORK_HEADER = YES;
				CLANG_WARN_RANGE_LOOP_ANALYSIS = YES;
				CLANG_WARN_STRICT_PROTOTYPES = YES;
				CLANG_WARN_SUSPICIOUS_MOVE = YES;
				CLANG_WARN_UNGUARDED_AVAILABILITY = YES_AGGRESSIVE;
				CLANG_WARN_UNREACHABLE_CODE = YES;
				CLANG_WARN__DUPLICATE_METHOD_MATCH = YES;
				COPY_PHASE_STRIP = NO;
				DEBUG_INFORMATION_FORMAT = dwarf;
				ENABLE_STRICT_OBJC_MSGSEND = YES;
				ENABLE_TESTABILITY = YES;
				ENABLE_USER_SCRIPT_SANDBOXING = YES;
				GCC_C_LANGUAGE_STANDARD = gnu17;
				GCC_DYNAMIC_NO_PIC = NO;
				GCC_NO_COMMON_BLOCKS = YES;
				GCC_OPTIMIZATION_LEVEL = 0;
				GCC_PREPROCESSOR_DEFINITIONS = (
					"DEBUG=1",
					"$(inherited)",
				);
				GCC_WARN_64_TO_32_BIT_CONVERSION = YES;
				GCC_WARN_ABOUT_RETURN_TYPE = YES_ERROR;
				GCC_WARN_UNDECLARED_SELECTOR = YES;
				GCC_WARN_UNINITIALIZED_AUTOS = YES_AGGRESSIVE;
				GCC_WARN_UNUSED_FUNCTION = YES;
				GCC_WARN_UNUSED_VARIABLE = YES;
				IPHONEOS_DEPLOYMENT_TARGET = 18.2;
				LOCALIZATION_PREFERS_STRING_CATALOGS = YES;
				MTL_ENABLE_DEBUG_INFO = INCLUDE_SOURCE;
				MTL_FAST_MATH = YES;
				ONLY_ACTIVE_ARCH = YES;
				SDKROOT = iphoneos;
				SWIFT_ACTIVE_COMPILATION_CONDITIONS = "DEBUG $(inherited)";
				SWIFT_EMIT_LOC_STRINGS = YES;
				SWIFT_OPTIMIZATION_LEVEL = "-Onone";
			};
			name = Debug;
		};
		84C1823C2F8E423600DC72E9 /* Release */ = {
			isa = XCBuildConfiguration;
			buildSettings = {
				ALWAYS_SEARCH_USER_PATHS = NO;
				ASSETCATALOG_COMPILER_GENERATE_SWIFT_ASSET_SYMBOL_EXTENSIONS = YES;
				CLANG_ANALYZER_NONNULL = YES;
				CLANG_ANALYZER_NUMBER_OBJECT_CONVERSION = YES_AGGRESSIVE;
				CLANG_CXX_LANGUAGE_STANDARD = "gnu++20";
				CLANG_ENABLE_MODULES = YES;
				CLANG_ENABLE_OBJC_ARC = YES;
				CLANG_ENABLE_OBJC_WEAK = YES;
				CLANG_WARN_BLOCK_CAPTURE_AUTORELEASING = YES;
				CLANG_WARN_BOOL_CONVERSION = YES;
				CLANG_WARN_COMMA = YES;
				CLANG_WARN_CONSTANT_CONVERSION = YES;
				CLANG_WARN_DEPRECATED_OBJC_IMPLEMENTATIONS = YES;
				CLANG_WARN_DIRECT_OBJC_ISA_USAGE = YES_ERROR;
				CLANG_WARN_DOCUMENTATION_COMMENTS = YES;
				CLANG_WARN_EMPTY_BODY = YES;
				CLANG_WARN_ENUM_CONVERSION = YES;
				CLANG_WARN_INFINITE_RECURSION = YES;
				CLANG_WARN_INT_CONVERSION = YES;
				CLANG_WARN_NON_LITERAL_NULL_CONVERSION = YES;
				CLANG_WARN_OBJC_IMPLICIT_RETAIN_SELF = YES;
				CLANG_WARN_OBJC_LITERAL_CONVERSION = YES;
				CLANG_WARN_OBJC_ROOT_CLASS = YES_ERROR;
				CLANG_WARN_QUOTED_INCLUDE_IN_FRAMEWORK_HEADER = YES;
				CLANG_WARN_RANGE_LOOP_ANALYSIS = YES;
				CLANG_WARN_STRICT_PROTOTYPES = YES;
				CLANG_WARN_SUSPICIOUS_MOVE = YES;
				CLANG_WARN_UNGUARDED_AVAILABILITY = YES_AGGRESSIVE;
				CLANG_WARN_UNREACHABLE_CODE = YES;
				CLANG_WARN__DUPLICATE_METHOD_MATCH = YES;
				COPY_PHASE_STRIP = NO;
				DEBUG_INFORMATION_FORMAT = "dwarf-with-dsym";
				ENABLE_NS_ASSERTIONS = NO;
				ENABLE_STRICT_OBJC_MSGSEND = YES;
				ENABLE_USER_SCRIPT_SANDBOXING = YES;
				GCC_C_LANGUAGE_STANDARD = gnu17;
				GCC_NO_COMMON_BLOCKS = YES;
				GCC_WARN_64_TO_32_BIT_CONVERSION = YES;
				GCC_WARN_ABOUT_RETURN_TYPE = YES_ERROR;
				GCC_WARN_UNDECLARED_SELECTOR = YES;
				GCC_WARN_UNINITIALIZED_AUTOS = YES_AGGRESSIVE;
				GCC_WARN_UNUSED_FUNCTION = YES;
				GCC_WARN_UNUSED_VARIABLE = YES;
				IPHONEOS_DEPLOYMENT_TARGET = 18.2;
				LOCALIZATION_PREFERS_STRING_CATALOGS = YES;
				MTL_ENABLE_DEBUG_INFO = NO;
				MTL_FAST_MATH = YES;
				SDKROOT = iphoneos;
				SWIFT_COMPILATION_MODE = wholemodule;
				SWIFT_EMIT_LOC_STRINGS = YES;
				VALIDATE_PRODUCT = YES;
			};
			name = Release;
		};
		84C1823E2F8E423600DC72E9 /* Debug */ = {
			isa = XCBuildConfiguration;
			buildSettings = {
				ASSETCATALOG_COMPILER_APPICON_NAME = AppIcon;
				ASSETCATALOG_COMPILER_GLOBAL_ACCENT_COLOR_NAME = AccentColor;
				CODE_SIGN_STYLE = Automatic;
				CURRENT_PROJECT_VERSION = 1;
				DEVELOPMENT_ASSET_PATHS = "\"LuxPremium/Preview Content\"";
				ENABLE_PREVIEWS = YES;
				GENERATE_INFOPLIST_FILE = YES;
				INFOPLIST_KEY_UIApplicationSceneManifest_Generation = YES;
				INFOPLIST_KEY_UIApplicationSupportsIndirectInputEvents = YES;
				INFOPLIST_KEY_UILaunchScreen_Generation = YES;
				INFOPLIST_KEY_UISupportedInterfaceOrientations_iPad = "UIInterfaceOrientationPortrait UIInterfaceOrientationPortraitUpsideDown UIInterfaceOrientationLandscapeLeft UIInterfaceOrientationLandscapeRight";
				INFOPLIST_KEY_UISupportedInterfaceOrientations_iPhone = "UIInterfaceOrientationPortrait UIInterfaceOrientationLandscapeLeft UIInterfaceOrientationLandscapeRight";
				LD_RUNPATH_SEARCH_PATHS = (
					"$(inherited)",
					"@executable_path/Frameworks",
				);
				MARKETING_VERSION = 1.0;
				PRODUCT_BUNDLE_IDENTIFIER = desarollo.LuxPremium;
				PRODUCT_NAME = "$(TARGET_NAME)";
				SWIFT_EMIT_LOC_STRINGS = YES;
				SWIFT_VERSION = 5.0;
				TARGETED_DEVICE_FAMILY = "1,2";
			};
			name = Debug;
		};
		84C1823F2F8E423600DC72E9 /* Release */ = {
			isa = XCBuildConfiguration;
			buildSettings = {
				ASSETCATALOG_COMPILER_APPICON_NAME = AppIcon;
				ASSETCATALOG_COMPILER_GLOBAL_ACCENT_COLOR_NAME = AccentColor;
				CODE_SIGN_STYLE = Automatic;
				CURRENT_PROJECT_VERSION = 1;
				DEVELOPMENT_ASSET_PATHS = "\"LuxPremium/Preview Content\"";
				ENABLE_PREVIEWS = YES;
				GENERATE_INFOPLIST_FILE = YES;
				INFOPLIST_KEY_UIApplicationSceneManifest_Generation = YES;
				INFOPLIST_KEY_UIApplicationSupportsIndirectInputEvents = YES;
				INFOPLIST_KEY_UILaunchScreen_Generation = YES;
				INFOPLIST_KEY_UISupportedInterfaceOrientations_iPad = "UIInterfaceOrientationPortrait UIInterfaceOrientationPortraitUpsideDown UIInterfaceOrientationLandscapeLeft UIInterfaceOrientationLandscapeRight";
				INFOPLIST_KEY_UISupportedInterfaceOrientations_iPhone = "UIInterfaceOrientationPortrait UIInterfaceOrientationLandscapeLeft UIInterfaceOrientationLandscapeRight";
				LD_RUNPATH_SEARCH_PATHS = (
					"$(inherited)",
					"@executable_path/Frameworks",
				);
				MARKETING_VERSION = 1.0;
				PRODUCT_BUNDLE_IDENTIFIER = desarollo.LuxPremium;
				PRODUCT_NAME = "$(TARGET_NAME)";
				SWIFT_EMIT_LOC_STRINGS = YES;
				SWIFT_VERSION = 5.0;
				TARGETED_DEVICE_FAMILY = "1,2";
			};
			name = Release;
		};
		84C182412F8E423600DC72E9 /* Debug */ = {
			isa = XCBuildConfiguration;
			buildSettings = {
				BUNDLE_LOADER = "$(TEST_HOST)";
				CODE_SIGN_STYLE = Automatic;
				CURRENT_PROJECT_VERSION = 1;
				GENERATE_INFOPLIST_FILE = YES;
				IPHONEOS_DEPLOYMENT_TARGET = 18.2;
				MARKETING_VERSION = 1.0;
				PRODUCT_BUNDLE_IDENTIFIER = desarollo.LuxPremiumTests;
				PRODUCT_NAME = "$(TARGET_NAME)";
				SWIFT_EMIT_LOC_STRINGS = NO;
				SWIFT_VERSION = 5.0;
				TARGETED_DEVICE_FAMILY = "1,2";
				TEST_HOST = "$(BUILT_PRODUCTS_DIR)/LuxPremium.app/$(BUNDLE_EXECUTABLE_FOLDER_PATH)/LuxPremium";
			};
			name = Debug;
		};
		84C182422F8E423600DC72E9 /* Release */ = {
			isa = XCBuildConfiguration;
			buildSettings = {
				BUNDLE_LOADER = "$(TEST_HOST)";
				CODE_SIGN_STYLE = Automatic;
				CURRENT_PROJECT_VERSION = 1;
				GENERATE_INFOPLIST_FILE = YES;
				IPHONEOS_DEPLOYMENT_TARGET = 18.2;
				MARKETING_VERSION = 1.0;
				PRODUCT_BUNDLE_IDENTIFIER = desarollo.LuxPremiumTests;
				PRODUCT_NAME = "$(TARGET_NAME)";
				SWIFT_EMIT_LOC_STRINGS = NO;
				SWIFT_VERSION = 5.0;
				TARGETED_DEVICE_FAMILY = "1,2";
				TEST_HOST = "$(BUILT_PRODUCTS_DIR)/LuxPremium.app/$(BUNDLE_EXECUTABLE_FOLDER_PATH)/LuxPremium";
			};
			name = Release;
		};
		84C182442F8E423600DC72E9 /* Debug */ = {
			isa = XCBuildConfiguration;
			buildSettings = {
				CODE_SIGN_STYLE = Automatic;
				CURRENT_PROJECT_VERSION = 1;
				GENERATE_INFOPLIST_FILE = YES;
				MARKETING_VERSION = 1.0;
				PRODUCT_BUNDLE_IDENTIFIER = desarollo.LuxPremiumUITests;
				PRODUCT_NAME = "$(TARGET_NAME)";
				SWIFT_EMIT_LOC_STRINGS = NO;
				SWIFT_VERSION = 5.0;
				TARGETED_DEVICE_FAMILY = "1,2";
				TEST_TARGET_NAME = LuxPremium;
			};
			name = Debug;
		};
		84C182452F8E423600DC72E9 /* Release */ = {
			isa = XCBuildConfiguration;
			buildSettings = {
				CODE_SIGN_STYLE = Automatic;
				CURRENT_PROJECT_VERSION = 1;
				GENERATE_INFOPLIST_FILE = YES;
				MARKETING_VERSION = 1.0;
				PRODUCT_BUNDLE_IDENTIFIER = desarollo.LuxPremiumUITests;
				PRODUCT_NAME = "$(TARGET_NAME)";
				SWIFT_EMIT_LOC_STRINGS = NO;
				SWIFT_VERSION = 5.0;
				TARGETED_DEVICE_FAMILY = "1,2";
				TEST_TARGET_NAME = LuxPremium;
			};
			name = Release;
		};
/* End XCBuildConfiguration section */

/* Begin XCConfigurationList section */
		84C182142F8E423500DC72E9 /* Build configuration list for PBXProject "LuxPremium" */ = {
			isa = XCConfigurationList;
			buildConfigurations = (
				84C1823B2F8E423600DC72E9 /* Debug */,
				84C1823C2F8E423600DC72E9 /* Release */,
			);
			defaultConfigurationIsVisible = 0;
			defaultConfigurationName = Release;
		};
		84C1823D2F8E423600DC72E9 /* Build configuration list for PBXNativeTarget "LuxPremium" */ = {
			isa = XCConfigurationList;
			buildConfigurations = (
				84C1823E2F8E423600DC72E9 /* Debug */,
				84C1823F2F8E423600DC72E9 /* Release */,
			);
			defaultConfigurationIsVisible = 0;
			defaultConfigurationName = Release;
		};
		84C182402F8E423600DC72E9 /* Build configuration list for PBXNativeTarget "LuxPremiumTests" */ = {
			isa = XCConfigurationList;
			buildConfigurations = (
				84C182412F8E423600DC72E9 /* Debug */,
				84C182422F8E423600DC72E9 /* Release */,
			);
			defaultConfigurationIsVisible = 0;
			defaultConfigurationName = Release;
		};
		84C182432F8E423600DC72E9 /* Build configuration list for PBXNativeTarget "LuxPremiumUITests" */ = {
			isa = XCConfigurationList;
			buildConfigurations = (
				84C182442F8E423600DC72E9 /* Debug */,
				84C182452F8E423600DC72E9 /* Release */,
			);
			defaultConfigurationIsVisible = 0;
			defaultConfigurationName = Release;
		};
/* End XCConfigurationList section */

/* Begin XCRemoteSwiftPackageReference section */
		8427553B2F97B99800781A39 /* XCRemoteSwiftPackageReference "firebase-ios-sdk" */ = {
			isa = XCRemoteSwiftPackageReference;
			repositoryURL = "https://github.com/firebase/firebase-ios-sdk";
			requirement = {
				kind = upToNextMajorVersion;
				minimumVersion = 12.12.1;
			};
		};
/* End XCRemoteSwiftPackageReference section */

/* Begin XCSwiftPackageProductDependency section */
		8427553C2F97B99800781A39 /* FirebaseAuth */ = {
			isa = XCSwiftPackageProductDependency;
			package = 8427553B2F97B99800781A39 /* XCRemoteSwiftPackageReference "firebase-ios-sdk" */;
			productName = FirebaseAuth;
		};
		8427553E2F97B99800781A39 /* FirebaseAuthCombine-Community */ = {
			isa = XCSwiftPackageProductDependency;
			package = 8427553B2F97B99800781A39 /* XCRemoteSwiftPackageReference "firebase-ios-sdk" */;
			productName = "FirebaseAuthCombine-Community";
		};
		842755402F97B99800781A39 /* FirebaseCore */ = {
			isa = XCSwiftPackageProductDependency;
			package = 8427553B2F97B99800781A39 /* XCRemoteSwiftPackageReference "firebase-ios-sdk" */;
			productName = FirebaseCore;
		};
		842755422F97B99800781A39 /* FirebaseDatabase */ = {
			isa = XCSwiftPackageProductDependency;
			package = 8427553B2F97B99800781A39 /* XCRemoteSwiftPackageReference "firebase-ios-sdk" */;
			productName = FirebaseDatabase;
		};
		842755442F97B99800781A39 /* FirebaseFirestore */ = {
			isa = XCSwiftPackageProductDependency;
			package = 8427553B2F97B99800781A39 /* XCRemoteSwiftPackageReference "firebase-ios-sdk" */;
			productName = FirebaseFirestore;
		};
		842755462F97B99800781A39 /* FirebaseFirestoreCombine-Community */ = {
			isa = XCSwiftPackageProductDependency;
			package = 8427553B2F97B99800781A39 /* XCRemoteSwiftPackageReference "firebase-ios-sdk" */;
			productName = "FirebaseFirestoreCombine-Community";
		};
		842755482F97B99800781A39 /* FirebaseFunctions */ = {
			isa = XCSwiftPackageProductDependency;
			package = 8427553B2F97B99800781A39 /* XCRemoteSwiftPackageReference "firebase-ios-sdk" */;
			productName = FirebaseFunctions;
		};
		8427554A2F97B99800781A39 /* FirebaseStorage */ = {
			isa = XCSwiftPackageProductDependency;
			package = 8427553B2F97B99800781A39 /* XCRemoteSwiftPackageReference "firebase-ios-sdk" */;
			productName = FirebaseStorage;
		};
		8427554C2F97B99800781A39 /* FirebaseStorageCombine-Community */ = {
			isa = XCSwiftPackageProductDependency;
			package = 8427553B2F97B99800781A39 /* XCRemoteSwiftPackageReference "firebase-ios-sdk" */;
			productName = "FirebaseStorageCombine-Community";
		};
/* End XCSwiftPackageProductDependency section */
	};
	rootObject = 84C182112F8E423500DC72E9 /* Project object */;
}
